
Microsoft Visual Studio Solution File, Format Version 12.00
# Visual Studio Version 16
VisualStudioVersion = 16.0.29411.108
MinimumVisualStudioVersion = 10.0.40219.1
Project("{9A19103F-16F7-4668-BE54-9A1E7A4F7556}") = "uic-forms", "uic-forms\uic-forms.csproj", "{373E1C7E-6968-4F82-A8D4-1C5D63D0232D}"
EndProject
Project("{FAE04EC0-301F-11D3-BF4B-00C04F79EFBC}") = "InquirerCS", "libs\Inquirer.cs\Source\Inquirer\InquirerCS.csproj", "{D9EFEA4B-C3A8-4237-82C7-4A91B8341BE8}"
EndProject
Global
	GlobalSection(SolutionConfigurationPlatforms) = preSolution
		Debug|Any CPU = Debug|Any CPU
		Release|Any CPU = Release|Any CPU
	EndGlobalSection
	GlobalSection(ProjectConfigurationPlatforms) = postSolution
		{373E1C7E-6968-4F82-A8D4-1C5D63D0232D}.Debug|Any CPU.ActiveCfg = Debug|Any CPU
		{373E1C7E-6968-4F82-A8D4-1C5D63D0232D}.Debug|Any CPU.Build.0 = Debug|Any CPU
		{373E1C7E-6968-4F82-A8D4-1C5D63D0232D}.Release|Any CPU.ActiveCfg = Release|Any CPU
		{373E1C7E-6968-4F82-A8D4-1C5D63D0232D}.Release|Any CPU.Build.0 = Release|Any CPU
		{D9EFEA4B-C3A8-4237-82C7-4A91B8341BE8}.Debug|Any CPU.ActiveCfg = Debug|Any CPU
		{D9EFEA4B-C3A8-4237-82C7-4A91B8341BE8}.Debug|Any CPU.Build.0 = Debug|Any CPU
		{D9EFEA4B-C3A8-4237-82C7-4A91B8341BE8}.Release|Any CPU.ActiveCfg = Release|Any CPU
		{D9EFEA4B-C3A8-4237-82C7-4A91B8341BE8}.Release|Any CPU.Build.0 = Release|Any CPU
	EndGlobalSection
	GlobalSection(SolutionProperties) = preSolution
		HideSolutionNode = FALSE
	EndGlobalSection
	GlobalSection(ExtensibilityGlobals) = postSolution
		SolutionGuid = {27D5E4AE-8CAC-4937-ADBD-F258FF529969}
	EndGlobalSection
EndGlobal
